
Microsoft Visual Studio Solution File, Format Version 12.00
# Visual Studio Version 17
VisualStudioVersion = 17.0.31903.59
MinimumVisualStudioVersion = 10.0.40219.1
Project("{2150E333-8FDC-42A3-9474-1A3956D46DE8}") = "src", "src", "{6FC08C44-AE9F-4665-903D-57013BDE41CC}"
EndProject
Project("{F2A71F9B-5D33-465A-A702-920D77279786}") = "Test", "src\Test\Test.fsproj", "{28C202E2-02A9-4254-AA7F-03C9DA13743E}"
EndProject
Global
	GlobalSection(SolutionConfigurationPlatforms) = preSolution
		Debug|Any CPU = Debug|Any CPU
		Release|Any CPU = Release|Any CPU
	EndGlobalSection
	GlobalSection(SolutionProperties) = preSolution
		HideSolutionNode = FALSE
	EndGlobalSection
	GlobalSection(ProjectConfigurationPlatforms) = postSolution
		{28C202E2-02A9-4254-AA7F-03C9DA13743E}.Debug|Any CPU.ActiveCfg = Debug|Any CPU
		{28C202E2-02A9-4254-AA7F-03C9DA13743E}.Debug|Any CPU.Build.0 = Debug|Any CPU
		{28C202E2-02A9-4254-AA7F-03C9DA13743E}.Release|Any CPU.ActiveCfg = Release|Any CPU
		{28C202E2-02A9-4254-AA7F-03C9DA13743E}.Release|Any CPU.Build.0 = Release|Any CPU
	EndGlobalSection
	GlobalSection(NestedProjects) = preSolution
		{28C202E2-02A9-4254-AA7F-03C9DA13743E} = {6FC08C44-AE9F-4665-903D-57013BDE41CC}
	EndGlobalSection
EndGlobal
